// !$*UTF8*$!
{
	archiveVersion = 1;
	classes = {
	};
	objectVersion = 55;
	objects = {

/* Begin PBXBuildFile section */
		6A252C13288667CD000ED06C /* NNMeta.swift in Sources */ = {isa = PBXBuildFile; fileRef = 6A252C12288667CD000ED06C /* NNMeta.swift */; };
		6A46B4FF2885144400B933C3 /* EpochTileView.swift in Sources */ = {isa = PBXBuildFile; fileRef = 6A46B4FE2885144400B933C3 /* EpochTileView.swift */; };
		6A46B50228851E1600B933C3 /* PrefsMainView.swift in Sources */ = {isa = PBXBuildFile; fileRef = 6A46B50128851E1600B933C3 /* PrefsMainView.swift */; };
		6A46B5042885222E00B933C3 /* PrefsHandler.swift in Sources */ = {isa = PBXBuildFile; fileRef = 6A46B5032885222E00B933C3 /* PrefsHandler.swift */; };
		6A46CD53287B242700444ED3 /* NN_AnalysisApp.swift in Sources */ = {isa = PBXBuildFile; fileRef = 6A46CD52287B242700444ED3 /* NN_AnalysisApp.swift */; };
		6A46CD55287B242700444ED3 /* MainView.swift in Sources */ = {isa = PBXBuildFile; fileRef = 6A46CD54287B242700444ED3 /* MainView.swift */; };
		6A46CD57287B242900444ED3 /* Assets.xcassets in Resources */ = {isa = PBXBuildFile; fileRef = 6A46CD56287B242900444ED3 /* Assets.xcassets */; };
		6A46CD5A287B242900444ED3 /* Preview Assets.xcassets in Resources */ = {isa = PBXBuildFile; fileRef = 6A46CD59287B242900444ED3 /* Preview Assets.xcassets */; };
		6A46CD64287B24B300444ED3 /* SwiftExtras.swift in Sources */ = {isa = PBXBuildFile; fileRef = 6A46CD62287B24B200444ED3 /* SwiftExtras.swift */; };
		6A46CD65287B24B300444ED3 /* SwiftUIExtras.swift in Sources */ = {isa = PBXBuildFile; fileRef = 6A46CD63287B24B300444ED3 /* SwiftUIExtras.swift */; };
		6A46CD67287B268000444ED3 /* ValidationFields.swift in Sources */ = {isa = PBXBuildFile; fileRef = 6A46CD66287B268000444ED3 /* ValidationFields.swift */; };
		6A46CD6C287B299500444ED3 /* BackgroundView.swift in Sources */ = {isa = PBXBuildFile; fileRef = 6A46CD6B287B299500444ED3 /* BackgroundView.swift */; };
		6A944BDB2883451E0084FB46 /* AnalysisHandler.swift in Sources */ = {isa = PBXBuildFile; fileRef = 6A944BDA2883451E0084FB46 /* AnalysisHandler.swift */; };
		6A95E100287FE143003C3421 /* DirectoryTileView.swift in Sources */ = {isa = PBXBuildFile; fileRef = 6A95E0FF287FE143003C3421 /* DirectoryTileView.swift */; };
		6A95E1022881232A003C3421 /* NNGraph.swift in Sources */ = {isa = PBXBuildFile; fileRef = 6A95E1012881232A003C3421 /* NNGraph.swift */; };
		6A9A68B32886222A00417861 /* InputHandler.swift in Sources */ = {isa = PBXBuildFile; fileRef = 6A9A68B22886222A00417861 /* InputHandler.swift */; };
		6AD346D6287FA6FD008B6179 /* SideBarView.swift in Sources */ = {isa = PBXBuildFile; fileRef = 6AD346D5287FA6FD008B6179 /* SideBarView.swift */; };
		6AE903D7287F93340090D4C6 /* Fonts in Resources */ = {isa = PBXBuildFile; fileRef = 6AE903D6287F93340090D4C6 /* Fonts */; };
		6AE903D9287F9E3E0090D4C6 /* NNGroupView.swift in Sources */ = {isa = PBXBuildFile; fileRef = 6AE903D8287F9E3E0090D4C6 /* NNGroupView.swift */; };
		6AE903DB287F9FCC0090D4C6 /* FolderSelectionView.swift in Sources */ = {isa = PBXBuildFile; fileRef = 6AE903DA287F9FCC0090D4C6 /* FolderSelectionView.swift */; };
		6AE903DE287FA0FC0090D4C6 /* DataHandler.swift in Sources */ = {isa = PBXBuildFile; fileRef = 6AE903DD287FA0FC0090D4C6 /* DataHandler.swift */; };
		6AF2A0692880C3C500865D11 /* SwipableView.swift in Sources */ = {isa = PBXBuildFile; fileRef = 6AF2A0682880C3C500865D11 /* SwipableView.swift */; };
		6AF2A06B2880CCD900865D11 /* NN.swift in Sources */ = {isa = PBXBuildFile; fileRef = 6AF2A06A2880CCD900865D11 /* NN.swift */; };
		6AF2A06D2880D54800865D11 /* NNGroup.swift in Sources */ = {isa = PBXBuildFile; fileRef = 6AF2A06C2880D54800865D11 /* NNGroup.swift */; };
		6AF2A0702880E4B000865D11 /* LineChartView.swift in Sources */ = {isa = PBXBuildFile; fileRef = 6AF2A06F2880E4B000865D11 /* LineChartView.swift */; };
		6AF2A0722880E57500865D11 /* EmptyMainView.swift in Sources */ = {isa = PBXBuildFile; fileRef = 6AF2A0712880E57500865D11 /* EmptyMainView.swift */; };
/* End PBXBuildFile section */

/* Begin PBXFileReference section */
		6A252C12288667CD000ED06C /* NNMeta.swift */ = {isa = PBXFileReference; lastKnownFileType = sourcecode.swift; path = NNMeta.swift; sourceTree = "<group>"; };
		6A46B4FE2885144400B933C3 /* EpochTileView.swift */ = {isa = PBXFileReference; lastKnownFileType = sourcecode.swift; path = EpochTileView.swift; sourceTree = "<group>"; };
		6A46B50128851E1600B933C3 /* PrefsMainView.swift */ = {isa = PBXFileReference; lastKnownFileType = sourcecode.swift; path = PrefsMainView.swift; sourceTree = "<group>"; };
		6A46B5032885222E00B933C3 /* PrefsHandler.swift */ = {isa = PBXFileReference; lastKnownFileType = sourcecode.swift; path = PrefsHandler.swift; sourceTree = "<group>"; };
		6A46CD4F287B242700444ED3 /* Neural Analysis.app */ = {isa = PBXFileReference; explicitFileType = wrapper.application; includeInIndex = 0; path = "Neural Analysis.app"; sourceTree = BUILT_PRODUCTS_DIR; };
		6A46CD52287B242700444ED3 /* NN_AnalysisApp.swift */ = {isa = PBXFileReference; lastKnownFileType = sourcecode.swift; path = NN_AnalysisApp.swift; sourceTree = "<group>"; };
		6A46CD54287B242700444ED3 /* MainView.swift */ = {isa = PBXFileReference; lastKnownFileType = sourcecode.swift; path = MainView.swift; sourceTree = "<group>"; };
		6A46CD56287B242900444ED3 /* Assets.xcassets */ = {isa = PBXFileReference; lastKnownFileType = folder.assetcatalog; path = Assets.xcassets; sourceTree = "<group>"; };
		6A46CD59287B242900444ED3 /* Preview Assets.xcassets */ = {isa = PBXFileReference; lastKnownFileType = folder.assetcatalog; path = "Preview Assets.xcassets"; sourceTree = "<group>"; };
		6A46CD5B287B242900444ED3 /* NN_Analysis.entitlements */ = {isa = PBXFileReference; lastKnownFileType = text.plist.entitlements; path = NN_Analysis.entitlements; sourceTree = "<group>"; };
		6A46CD62287B24B200444ED3 /* SwiftExtras.swift */ = {isa = PBXFileReference; fileEncoding = 4; lastKnownFileType = sourcecode.swift; path = SwiftExtras.swift; sourceTree = "<group>"; };
		6A46CD63287B24B300444ED3 /* SwiftUIExtras.swift */ = {isa = PBXFileReference; fileEncoding = 4; lastKnownFileType = sourcecode.swift; path = SwiftUIExtras.swift; sourceTree = "<group>"; };
		6A46CD66287B268000444ED3 /* ValidationFields.swift */ = {isa = PBXFileReference; lastKnownFileType = sourcecode.swift; path = ValidationFields.swift; sourceTree = "<group>"; };
		6A46CD6B287B299500444ED3 /* BackgroundView.swift */ = {isa = PBXFileReference; lastKnownFileType = sourcecode.swift; path = BackgroundView.swift; sourceTree = "<group>"; };
		6A944BDA2883451E0084FB46 /* AnalysisHandler.swift */ = {isa = PBXFileReference; lastKnownFileType = sourcecode.swift; path = AnalysisHandler.swift; sourceTree = "<group>"; };
		6A95E0FF287FE143003C3421 /* DirectoryTileView.swift */ = {isa = PBXFileReference; lastKnownFileType = sourcecode.swift; path = DirectoryTileView.swift; sourceTree = "<group>"; };
		6A95E1012881232A003C3421 /* NNGraph.swift */ = {isa = PBXFileReference; lastKnownFileType = sourcecode.swift; path = NNGraph.swift; sourceTree = "<group>"; };
		6A9A68B22886222A00417861 /* InputHandler.swift */ = {isa = PBXFileReference; lastKnownFileType = sourcecode.swift; path = InputHandler.swift; sourceTree = "<group>"; };
		6AD346D5287FA6FD008B6179 /* SideBarView.swift */ = {isa = PBXFileReference; lastKnownFileType = sourcecode.swift; path = SideBarView.swift; sourceTree = "<group>"; };
		6AE903D6287F93340090D4C6 /* Fonts */ = {isa = PBXFileReference; fileEncoding = 4; lastKnownFileType = text; name = Fonts; path = "NN Analysis/Fonts"; sourceTree = SOURCE_ROOT; };
		6AE903D8287F9E3E0090D4C6 /* NNGroupView.swift */ = {isa = PBXFileReference; lastKnownFileType = sourcecode.swift; path = NNGroupView.swift; sourceTree = "<group>"; };
		6AE903DA287F9FCC0090D4C6 /* FolderSelectionView.swift */ = {isa = PBXFileReference; lastKnownFileType = sourcecode.swift; path = FolderSelectionView.swift; sourceTree = "<group>"; };
		6AE903DD287FA0FC0090D4C6 /* DataHandler.swift */ = {isa = PBXFileReference; lastKnownFileType = sourcecode.swift; path = DataHandler.swift; sourceTree = "<group>"; };
		6AF2A0682880C3C500865D11 /* SwipableView.swift */ = {isa = PBXFileReference; lastKnownFileType = sourcecode.swift; path = SwipableView.swift; sourceTree = "<group>"; };
		6AF2A06A2880CCD900865D11 /* NN.swift */ = {isa = PBXFileReference; lastKnownFileType = sourcecode.swift; path = NN.swift; sourceTree = "<group>"; };
		6AF2A06C2880D54800865D11 /* NNGroup.swift */ = {isa = PBXFileReference; lastKnownFileType = sourcecode.swift; path = NNGroup.swift; sourceTree = "<group>"; };
		6AF2A06F2880E4B000865D11 /* LineChartView.swift */ = {isa = PBXFileReference; lastKnownFileType = sourcecode.swift; path = LineChartView.swift; sourceTree = "<group>"; };
		6AF2A0712880E57500865D11 /* EmptyMainView.swift */ = {isa = PBXFileReference; lastKnownFileType = sourcecode.swift; path = EmptyMainView.swift; sourceTree = "<group>"; };
/* End PBXFileReference section */

/* Begin PBXFrameworksBuildPhase section */
		6A46CD4C287B242700444ED3 /* Frameworks */ = {
			isa = PBXFrameworksBuildPhase;
			buildActionMask = 2147483647;
			files = (
			);
			runOnlyForDeploymentPostprocessing = 0;
		};
/* End PBXFrameworksBuildPhase section */

/* Begin PBXGroup section */
		6A46B4FD2885142300B933C3 /* Sidebar */ = {
			isa = PBXGroup;
			children = (
				6A95E0FF287FE143003C3421 /* DirectoryTileView.swift */,
				6AD346D5287FA6FD008B6179 /* SideBarView.swift */,
				6A46B4FE2885144400B933C3 /* EpochTileView.swift */,
			);
			path = Sidebar;
			sourceTree = "<group>";
		};
		6A46B50028851E0100B933C3 /* Preferences */ = {
			isa = PBXGroup;
			children = (
				6A46B50128851E1600B933C3 /* PrefsMainView.swift */,
			);
			path = Preferences;
			sourceTree = "<group>";
		};
		6A46CD46287B242700444ED3 = {
			isa = PBXGroup;
			children = (
				6A46CD51287B242700444ED3 /* NN Analysis */,
				6A46CD50287B242700444ED3 /* Products */,
			);
			sourceTree = "<group>";
		};
		6A46CD50287B242700444ED3 /* Products */ = {
			isa = PBXGroup;
			children = (
				6A46CD4F287B242700444ED3 /* Neural Analysis.app */,
			);
			name = Products;
			sourceTree = "<group>";
		};
		6A46CD51287B242700444ED3 /* NN Analysis */ = {
			isa = PBXGroup;
			children = (
				6AE903DC287FA0E50090D4C6 /* Models */,
				6AE903D6287F93340090D4C6 /* Fonts */,
				6A46CD68287B297500444ED3 /* Views */,
				6A46CD61287B24A600444ED3 /* Extras */,
				6A46CD52287B242700444ED3 /* NN_AnalysisApp.swift */,
				6A46CD54287B242700444ED3 /* MainView.swift */,
				6A46CD56287B242900444ED3 /* Assets.xcassets */,
				6A46CD5B287B242900444ED3 /* NN_Analysis.entitlements */,
				6A46CD58287B242900444ED3 /* Preview Content */,
			);
			path = "NN Analysis";
			sourceTree = "<group>";
		};
		6A46CD58287B242900444ED3 /* Preview Content */ = {
			isa = PBXGroup;
			children = (
				6A46CD59287B242900444ED3 /* Preview Assets.xcassets */,
			);
			path = "Preview Content";
			sourceTree = "<group>";
		};
		6A46CD61287B24A600444ED3 /* Extras */ = {
			isa = PBXGroup;
			children = (
				6A46CD62287B24B200444ED3 /* SwiftExtras.swift */,
				6A46CD63287B24B300444ED3 /* SwiftUIExtras.swift */,
				6A46CD66287B268000444ED3 /* ValidationFields.swift */,
				6AF2A0682880C3C500865D11 /* SwipableView.swift */,
			);
			path = Extras;
			sourceTree = "<group>";
		};
		6A46CD68287B297500444ED3 /* Views */ = {
			isa = PBXGroup;
			children = (
				6A46B50028851E0100B933C3 /* Preferences */,
				6A46B4FD2885142300B933C3 /* Sidebar */,
				6AF2A06E2880E48600865D11 /* Graphs */,
				6A46CD6B287B299500444ED3 /* BackgroundView.swift */,
				6AE903D8287F9E3E0090D4C6 /* NNGroupView.swift */,
				6AE903DA287F9FCC0090D4C6 /* FolderSelectionView.swift */,
				6AF2A0712880E57500865D11 /* EmptyMainView.swift */,
			);
			path = Views;
			sourceTree = "<group>";
		};
		6AE903DC287FA0E50090D4C6 /* Models */ = {
			isa = PBXGroup;
			children = (
				6AE903DD287FA0FC0090D4C6 /* DataHandler.swift */,
				6AF2A06A2880CCD900865D11 /* NN.swift */,
				6A252C12288667CD000ED06C /* NNMeta.swift */,
				6AF2A06C2880D54800865D11 /* NNGroup.swift */,
				6A944BDA2883451E0084FB46 /* AnalysisHandler.swift */,
				6A46B5032885222E00B933C3 /* PrefsHandler.swift */,
				6A9A68B22886222A00417861 /* InputHandler.swift */,
			);
			path = Models;
			sourceTree = "<group>";
		};
		6AF2A06E2880E48600865D11 /* Graphs */ = {
			isa = PBXGroup;
			children = (
				6AF2A06F2880E4B000865D11 /* LineChartView.swift */,
				6A95E1012881232A003C3421 /* NNGraph.swift */,
			);
			path = Graphs;
			sourceTree = "<group>";
		};
/* End PBXGroup section */

/* Begin PBXNativeTarget section */
		6A46CD4E287B242700444ED3 /* Neural Analysis */ = {
			isa = PBXNativeTarget;
			buildConfigurationList = 6A46CD5E287B242900444ED3 /* Build configuration list for PBXNativeTarget "Neural Analysis" */;
			buildPhases = (
				6A46CD4B287B242700444ED3 /* Sources */,
				6A46CD4C287B242700444ED3 /* Frameworks */,
				6A46CD4D287B242700444ED3 /* Resources */,
			);
			buildRules = (
			);
			dependencies = (
			);
			name = "Neural Analysis";
			productName = "NN Analysis";
			productReference = 6A46CD4F287B242700444ED3 /* Neural Analysis.app */;
			productType = "com.apple.product-type.application";
		};
/* End PBXNativeTarget section */

/* Begin PBXProject section */
		6A46CD47287B242700444ED3 /* Project object */ = {
			isa = PBXProject;
			attributes = {
				BuildIndependentTargetsInParallel = 1;
				LastSwiftUpdateCheck = 1330;
				LastUpgradeCheck = 1330;
				TargetAttributes = {
					6A46CD4E287B242700444ED3 = {
						CreatedOnToolsVersion = 13.3.1;
					};
				};
			};
			buildConfigurationList = 6A46CD4A287B242700444ED3 /* Build configuration list for PBXProject "Neural Analysis" */;
			compatibilityVersion = "Xcode 13.0";
			developmentRegion = en;
			hasScannedForEncodings = 0;
			knownRegions = (
				en,
				Base,
			);
			mainGroup = 6A46CD46287B242700444ED3;
			productRefGroup = 6A46CD50287B242700444ED3 /* Products */;
			projectDirPath = "";
			projectRoot = "";
			targets = (
				6A46CD4E287B242700444ED3 /* Neural Analysis */,
			);
		};
/* End PBXProject section */

/* Begin PBXResourcesBuildPhase section */
		6A46CD4D287B242700444ED3 /* Resources */ = {
			isa = PBXResourcesBuildPhase;
			buildActionMask = 2147483647;
			files = (
				6AE903D7287F93340090D4C6 /* Fonts in Resources */,
				6A46CD5A287B242900444ED3 /* Preview Assets.xcassets in Resources */,
				6A46CD57287B242900444ED3 /* Assets.xcassets in Resources */,
			);
			runOnlyForDeploymentPostprocessing = 0;
		};
/* End PBXResourcesBuildPhase section */

/* Begin PBXSourcesBuildPhase section */
		6A46CD4B287B242700444ED3 /* Sources */ = {
			isa = PBXSourcesBuildPhase;
			buildActionMask = 2147483647;
			files = (
				6A46B4FF2885144400B933C3 /* EpochTileView.swift in Sources */,
				6A944BDB2883451E0084FB46 /* AnalysisHandler.swift in Sources */,
				6A46CD65287B24B300444ED3 /* SwiftUIExtras.swift in Sources */,
				6AE903DB287F9FCC0090D4C6 /* FolderSelectionView.swift in Sources */,
				6A46CD67287B268000444ED3 /* ValidationFields.swift in Sources */,
				6A46B5042885222E00B933C3 /* PrefsHandler.swift in Sources */,
				6A95E1022881232A003C3421 /* NNGraph.swift in Sources */,
				6A9A68B32886222A00417861 /* InputHandler.swift in Sources */,
				6AD346D6287FA6FD008B6179 /* SideBarView.swift in Sources */,
				6A46CD64287B24B300444ED3 /* SwiftExtras.swift in Sources */,
				6AE903DE287FA0FC0090D4C6 /* DataHandler.swift in Sources */,
				6A46CD55287B242700444ED3 /* MainView.swift in Sources */,
				6AF2A06D2880D54800865D11 /* NNGroup.swift in Sources */,
				6A252C13288667CD000ED06C /* NNMeta.swift in Sources */,
				6AF2A0692880C3C500865D11 /* SwipableView.swift in Sources */,
				6A46CD53287B242700444ED3 /* NN_AnalysisApp.swift in Sources */,
				6AF2A06B2880CCD900865D11 /* NN.swift in Sources */,
				6A46B50228851E1600B933C3 /* PrefsMainView.swift in Sources */,
				6AF2A0702880E4B000865D11 /* LineChartView.swift in Sources */,
				6A95E100287FE143003C3421 /* DirectoryTileView.swift in Sources */,
				6AF2A0722880E57500865D11 /* EmptyMainView.swift in Sources */,
				6A46CD6C287B299500444ED3 /* BackgroundView.swift in Sources */,
				6AE903D9287F9E3E0090D4C6 /* NNGroupView.swift in Sources */,
			);
			runOnlyForDeploymentPostprocessing = 0;
		};
/* End PBXSourcesBuildPhase section */

/* Begin XCBuildConfiguration section */
		6A46CD5C287B242900444ED3 /* Debug */ = {
			isa = XCBuildConfiguration;
			buildSettings = {
				ALWAYS_SEARCH_USER_PATHS = NO;
				CLANG_ANALYZER_NONNULL = YES;
				CLANG_ANALYZER_NUMBER_OBJECT_CONVERSION = YES_AGGRESSIVE;
				CLANG_CXX_LANGUAGE_STANDARD = "gnu++17";
				CLANG_ENABLE_MODULES = YES;
				CLANG_ENABLE_OBJC_ARC = YES;
				CLANG_ENABLE_OBJC_WEAK = YES;
				CLANG_WARN_BLOCK_CAPTURE_AUTORELEASING = YES;
				CLANG_WARN_BOOL_CONVERSION = YES;
				CLANG_WARN_COMMA = YES;
				CLANG_WARN_CONSTANT_CONVERSION = YES;
				CLANG_WARN_DEPRECATED_OBJC_IMPLEMENTATIONS = YES;
				CLANG_WARN_DIRECT_OBJC_ISA_USAGE = YES_ERROR;
				CLANG_WARN_DOCUMENTATION_COMMENTS = YES;
				CLANG_WARN_EMPTY_BODY = YES;
				CLANG_WARN_ENUM_CONVERSION = YES;
				CLANG_WARN_INFINITE_RECURSION = YES;
				CLANG_WARN_INT_CONVERSION = YES;
				CLANG_WARN_NON_LITERAL_NULL_CONVERSION = YES;
				CLANG_WARN_OBJC_IMPLICIT_RETAIN_SELF = YES;
				CLANG_WARN_OBJC_LITERAL_CONVERSION = YES;
				CLANG_WARN_OBJC_ROOT_CLASS = YES_ERROR;
				CLANG_WARN_QUOTED_INCLUDE_IN_FRAMEWORK_HEADER = YES;
				CLANG_WARN_RANGE_LOOP_ANALYSIS = YES;
				CLANG_WARN_STRICT_PROTOTYPES = YES;
				CLANG_WARN_SUSPICIOUS_MOVE = YES;
				CLANG_WARN_UNGUARDED_AVAILABILITY = YES_AGGRESSIVE;
				CLANG_WARN_UNREACHABLE_CODE = YES;
				CLANG_WARN__DUPLICATE_METHOD_MATCH = YES;
				COPY_PHASE_STRIP = NO;
				DEBUG_INFORMATION_FORMAT = dwarf;
				ENABLE_STRICT_OBJC_MSGSEND = YES;
				ENABLE_TESTABILITY = YES;
				GCC_C_LANGUAGE_STANDARD = gnu11;
				GCC_DYNAMIC_NO_PIC = NO;
				GCC_NO_COMMON_BLOCKS = YES;
				GCC_OPTIMIZATION_LEVEL = 0;
				GCC_PREPROCESSOR_DEFINITIONS = (
					"DEBUG=1",
					"$(inherited)",
				);
				GCC_WARN_64_TO_32_BIT_CONVERSION = YES;
				GCC_WARN_ABOUT_RETURN_TYPE = YES_ERROR;
				GCC_WARN_UNDECLARED_SELECTOR = YES;
				GCC_WARN_UNINITIALIZED_AUTOS = YES_AGGRESSIVE;
				GCC_WARN_UNUSED_FUNCTION = YES;
				GCC_WARN_UNUSED_VARIABLE = YES;
				MACOSX_DEPLOYMENT_TARGET = 12.3;
				MTL_ENABLE_DEBUG_INFO = INCLUDE_SOURCE;
				MTL_FAST_MATH = YES;
				ONLY_ACTIVE_ARCH = YES;
				SDKROOT = macosx;
				SWIFT_ACTIVE_COMPILATION_CONDITIONS = DEBUG;
				SWIFT_OPTIMIZATION_LEVEL = "-Onone";
			};
			name = Debug;
		};
		6A46CD5D287B242900444ED3 /* Release */ = {
			isa = XCBuildConfiguration;
			buildSettings = {
				ALWAYS_SEARCH_USER_PATHS = NO;
				CLANG_ANALYZER_NONNULL = YES;
				CLANG_ANALYZER_NUMBER_OBJECT_CONVERSION = YES_AGGRESSIVE;
				CLANG_CXX_LANGUAGE_STANDARD = "gnu++17";
				CLANG_ENABLE_MODULES = YES;
				CLANG_ENABLE_OBJC_ARC = YES;
				CLANG_ENABLE_OBJC_WEAK = YES;
				CLANG_WARN_BLOCK_CAPTURE_AUTORELEASING = YES;
				CLANG_WARN_BOOL_CONVERSION = YES;
				CLANG_WARN_COMMA = YES;
				CLANG_WARN_CONSTANT_CONVERSION = YES;
				CLANG_WARN_DEPRECATED_OBJC_IMPLEMENTATIONS = YES;
				CLANG_WARN_DIRECT_OBJC_ISA_USAGE = YES_ERROR;
				CLANG_WARN_DOCUMENTATION_COMMENTS = YES;
				CLANG_WARN_EMPTY_BODY = YES;
				CLANG_WARN_ENUM_CONVERSION = YES;
				CLANG_WARN_INFINITE_RECURSION = YES;
				CLANG_WARN_INT_CONVERSION = YES;
				CLANG_WARN_NON_LITERAL_NULL_CONVERSION = YES;
				CLANG_WARN_OBJC_IMPLICIT_RETAIN_SELF = YES;
				CLANG_WARN_OBJC_LITERAL_CONVERSION = YES;
				CLANG_WARN_OBJC_ROOT_CLASS = YES_ERROR;
				CLANG_WARN_QUOTED_INCLUDE_IN_FRAMEWORK_HEADER = YES;
				CLANG_WARN_RANGE_LOOP_ANALYSIS = YES;
				CLANG_WARN_STRICT_PROTOTYPES = YES;
				CLANG_WARN_SUSPICIOUS_MOVE = YES;
				CLANG_WARN_UNGUARDED_AVAILABILITY = YES_AGGRESSIVE;
				CLANG_WARN_UNREACHABLE_CODE = YES;
				CLANG_WARN__DUPLICATE_METHOD_MATCH = YES;
				COPY_PHASE_STRIP = NO;
				DEBUG_INFORMATION_FORMAT = "dwarf-with-dsym";
				ENABLE_NS_ASSERTIONS = NO;
				ENABLE_STRICT_OBJC_MSGSEND = YES;
				GCC_C_LANGUAGE_STANDARD = gnu11;
				GCC_NO_COMMON_BLOCKS = YES;
				GCC_WARN_64_TO_32_BIT_CONVERSION = YES;
				GCC_WARN_ABOUT_RETURN_TYPE = YES_ERROR;
				GCC_WARN_UNDECLARED_SELECTOR = YES;
				GCC_WARN_UNINITIALIZED_AUTOS = YES_AGGRESSIVE;
				GCC_WARN_UNUSED_FUNCTION = YES;
				GCC_WARN_UNUSED_VARIABLE = YES;
				MACOSX_DEPLOYMENT_TARGET = 12.3;
				MTL_ENABLE_DEBUG_INFO = NO;
				MTL_FAST_MATH = YES;
				SDKROOT = macosx;
				SWIFT_COMPILATION_MODE = wholemodule;
				SWIFT_OPTIMIZATION_LEVEL = "-O";
			};
			name = Release;
		};
		6A46CD5F287B242900444ED3 /* Debug */ = {
			isa = XCBuildConfiguration;
			buildSettings = {
				ASSETCATALOG_COMPILER_APPICON_NAME = AppIcon;
				ASSETCATALOG_COMPILER_GLOBAL_ACCENT_COLOR_NAME = AccentColor;
				CODE_SIGN_ENTITLEMENTS = "NN Analysis/NN_Analysis.entitlements";
				CODE_SIGN_STYLE = Automatic;
				COMBINE_HIDPI_IMAGES = YES;
				CURRENT_PROJECT_VERSION = 1;
				DEVELOPMENT_ASSET_PATHS = "\"NN Analysis/Preview Content\"";
				DEVELOPMENT_TEAM = Y84HT383KE;
				ENABLE_HARDENED_RUNTIME = YES;
				ENABLE_PREVIEWS = YES;
				GENERATE_INFOPLIST_FILE = YES;
				INFOPLIST_FILE = "NN-Analysis-Info.plist";
				INFOPLIST_KEY_NSHumanReadableCopyright = "";
				LD_RUNPATH_SEARCH_PATHS = (
					"$(inherited)",
					"@executable_path/../Frameworks",
				);
				MACOSX_DEPLOYMENT_TARGET = 12.3;
				MARKETING_VERSION = 1.0;
				PRODUCT_BUNDLE_IDENTIFIER = "com.BrandonKynoch.NN-Analysis";
				PRODUCT_NAME = "$(TARGET_NAME)";
				SWIFT_EMIT_LOC_STRINGS = YES;
				SWIFT_VERSION = 5.0;
			};
			name = Debug;
		};
		6A46CD60287B242900444ED3 /* Release */ = {
			isa = XCBuildConfiguration;
			buildSettings = {
				ASSETCATALOG_COMPILER_APPICON_NAME = AppIcon;
				ASSETCATALOG_COMPILER_GLOBAL_ACCENT_COLOR_NAME = AccentColor;
				CODE_SIGN_ENTITLEMENTS = "NN Analysis/NN_Analysis.entitlements";
				CODE_SIGN_STYLE = Automatic;
				COMBINE_HIDPI_IMAGES = YES;
				CURRENT_PROJECT_VERSION = 1;
				DEVELOPMENT_ASSET_PATHS = "\"NN Analysis/Preview Content\"";
				DEVELOPMENT_TEAM = Y84HT383KE;
				ENABLE_HARDENED_RUNTIME = YES;
				ENABLE_PREVIEWS = YES;
				GENERATE_INFOPLIST_FILE = YES;
				INFOPLIST_FILE = "NN-Analysis-Info.plist";
				INFOPLIST_KEY_NSHumanReadableCopyright = "";
				LD_RUNPATH_SEARCH_PATHS = (
					"$(inherited)",
					"@executable_path/../Frameworks",
				);
				MACOSX_DEPLOYMENT_TARGET = 12.3;
				MARKETING_VERSION = 1.0;
				PRODUCT_BUNDLE_IDENTIFIER = "com.BrandonKynoch.NN-Analysis";
				PRODUCT_NAME = "$(TARGET_NAME)";
				SWIFT_EMIT_LOC_STRINGS = YES;
				SWIFT_VERSION = 5.0;
			};
			name = Release;
		};
/* End XCBuildConfiguration section */

/* Begin XCConfigurationList section */
		6A46CD4A287B242700444ED3 /* Build configuration list for PBXProject "Neural Analysis" */ = {
			isa = XCConfigurationList;
			buildConfigurations = (
				6A46CD5C287B242900444ED3 /* Debug */,
				6A46CD5D287B242900444ED3 /* Release */,
			);
			defaultConfigurationIsVisible = 0;
			defaultConfigurationName = Release;
		};
		6A46CD5E287B242900444ED3 /* Build configuration list for PBXNativeTarget "Neural Analysis" */ = {
			isa = XCConfigurationList;
			buildConfigurations = (
				6A46CD5F287B242900444ED3 /* Debug */,
				6A46CD60287B242900444ED3 /* Release */,
			);
			defaultConfigurationIsVisible = 0;
			defaultConfigurationName = Release;
		};
/* End XCConfigurationList section */
	};
	rootObject = 6A46CD47287B242700444ED3 /* Project object */;
}
